
Microsoft Visual Studio Solution File, Format Version 12.00
# Visual Studio Version 17
VisualStudioVersion = 17.7.34221.43
MinimumVisualStudioVersion = 10.0.40219.1
Project("{FAE04EC0-301F-11D3-BF4B-00C04F79EFBC}") = "HA-Game-SPy", "HA-Game-SPy\HA-Game-SPy.csproj", "{57E04CB9-F204-41F3-9998-4B7DBAABBF56}"
EndProject
Global
	GlobalSection(SolutionConfigurationPlatforms) = preSolution
		Debug|Any CPU = Debug|Any CPU
		Release|Any CPU = Release|Any CPU
	EndGlobalSection
	GlobalSection(ProjectConfigurationPlatforms) = postSolution
		{57E04CB9-F204-41F3-9998-4B7DBAABBF56}.Debug|Any CPU.ActiveCfg = Debug|Any CPU
		{57E04CB9-F204-41F3-9998-4B7DBAABBF56}.Debug|Any CPU.Build.0 = Debug|Any CPU
		{57E04CB9-F204-41F3-9998-4B7DBAABBF56}.Release|Any CPU.ActiveCfg = Release|Any CPU
		{57E04CB9-F204-41F3-9998-4B7DBAABBF56}.Release|Any CPU.Build.0 = Release|Any CPU
	EndGlobalSection
	GlobalSection(SolutionProperties) = preSolution
		HideSolutionNode = FALSE
	EndGlobalSection
	GlobalSection(ExtensibilityGlobals) = postSolution
		SolutionGuid = {BD44B662-7B44-48D0-A9F6-372F680F633A}
	EndGlobalSection
EndGlobal
